// !$*UTF8*$!
{
	archiveVersion = 1;
	classes = {
	};
	objectVersion = 50;
	objects = {

/* Begin PBXBuildFile section */
		63494BCD2601628200A9E58C /* CovidTracker19App.swift in Sources */ = {isa = PBXBuildFile; fileRef = 63494BCC2601628200A9E58C /* CovidTracker19App.swift */; };
		63494BCF2601628200A9E58C /* Home.swift in Sources */ = {isa = PBXBuildFile; fileRef = 63494BCE2601628200A9E58C /* Home.swift */; };
		63494BD12601628300A9E58C /* Assets.xcassets in Resources */ = {isa = PBXBuildFile; fileRef = 63494BD02601628300A9E58C /* Assets.xcassets */; };
		63494BD42601628300A9E58C /* Preview Assets.xcassets in Resources */ = {isa = PBXBuildFile; fileRef = 63494BD32601628300A9E58C /* Preview Assets.xcassets */; };
		63494BDD260162E200A9E58C /* Global.swift in Sources */ = {isa = PBXBuildFile; fileRef = 63494BDC260162E200A9E58C /* Global.swift */; };
		63494BE12601631A00A9E58C /* SafeteyPage.swift in Sources */ = {isa = PBXBuildFile; fileRef = 63494BE02601631A00A9E58C /* SafeteyPage.swift */; };
		63494BE52601635600A9E58C /* ContentView.swift in Sources */ = {isa = PBXBuildFile; fileRef = 63494BE42601635600A9E58C /* ContentView.swift */; };
		63494BE92601661400A9E58C /* RedBackground.swift in Sources */ = {isa = PBXBuildFile; fileRef = 63494BE82601661400A9E58C /* RedBackground.swift */; };
		63494BEC260168AD00A9E58C /* GlobalUpdateCard.swift in Sources */ = {isa = PBXBuildFile; fileRef = 63494BEB260168AD00A9E58C /* GlobalUpdateCard.swift */; };
		63494BEF2601713900A9E58C /* StateCard.swift in Sources */ = {isa = PBXBuildFile; fileRef = 63494BEE2601713900A9E58C /* StateCard.swift */; };
		63B8168C2602814A0007F675 /* Data.swift in Sources */ = {isa = PBXBuildFile; fileRef = 63B8168B2602814A0007F675 /* Data.swift */; };
		63B8168F260284A20007F675 /* TestingData.swift in Sources */ = {isa = PBXBuildFile; fileRef = 63B8168E260284A20007F675 /* TestingData.swift */; };
/* End PBXBuildFile section */

/* Begin PBXFileReference section */
		63494BC92601628200A9E58C /* CovidTracker19.app */ = {isa = PBXFileReference; explicitFileType = wrapper.application; includeInIndex = 0; path = CovidTracker19.app; sourceTree = BUILT_PRODUCTS_DIR; };
		63494BCC2601628200A9E58C /* CovidTracker19App.swift */ = {isa = PBXFileReference; lastKnownFileType = sourcecode.swift; path = CovidTracker19App.swift; sourceTree = "<group>"; };
		63494BCE2601628200A9E58C /* Home.swift */ = {isa = PBXFileReference; lastKnownFileType = sourcecode.swift; path = Home.swift; sourceTree = "<group>"; };
		63494BD02601628300A9E58C /* Assets.xcassets */ = {isa = PBXFileReference; lastKnownFileType = folder.assetcatalog; path = Assets.xcassets; sourceTree = "<group>"; };
		63494BD32601628300A9E58C /* Preview Assets.xcassets */ = {isa = PBXFileReference; lastKnownFileType = folder.assetcatalog; path = "Preview Assets.xcassets"; sourceTree = "<group>"; };
		63494BD52601628300A9E58C /* Info.plist */ = {isa = PBXFileReference; lastKnownFileType = text.plist.xml; path = Info.plist; sourceTree = "<group>"; };
		63494BDC260162E200A9E58C /* Global.swift */ = {isa = PBXFileReference; lastKnownFileType = sourcecode.swift; path = Global.swift; sourceTree = "<group>"; };
		63494BE02601631A00A9E58C /* SafeteyPage.swift */ = {isa = PBXFileReference; lastKnownFileType = sourcecode.swift; path = SafeteyPage.swift; sourceTree = "<group>"; };
		63494BE42601635600A9E58C /* ContentView.swift */ = {isa = PBXFileReference; lastKnownFileType = sourcecode.swift; path = ContentView.swift; sourceTree = "<group>"; };
		63494BE82601661400A9E58C /* RedBackground.swift */ = {isa = PBXFileReference; lastKnownFileType = sourcecode.swift; path = RedBackground.swift; sourceTree = "<group>"; };
		63494BEB260168AD00A9E58C /* GlobalUpdateCard.swift */ = {isa = PBXFileReference; lastKnownFileType = sourcecode.swift; path = GlobalUpdateCard.swift; sourceTree = "<group>"; };
		63494BEE2601713900A9E58C /* StateCard.swift */ = {isa = PBXFileReference; lastKnownFileType = sourcecode.swift; path = StateCard.swift; sourceTree = "<group>"; };
		63B8168B2602814A0007F675 /* Data.swift */ = {isa = PBXFileReference; lastKnownFileType = sourcecode.swift; path = Data.swift; sourceTree = "<group>"; };
		63B8168E260284A20007F675 /* TestingData.swift */ = {isa = PBXFileReference; lastKnownFileType = sourcecode.swift; path = TestingData.swift; sourceTree = "<group>"; };
/* End PBXFileReference section */

/* Begin PBXFrameworksBuildPhase section */
		63494BC62601628200A9E58C /* Frameworks */ = {
			isa = PBXFrameworksBuildPhase;
			buildActionMask = 2147483647;
			files = (
			);
			runOnlyForDeploymentPostprocessing = 0;
		};
/* End PBXFrameworksBuildPhase section */

/* Begin PBXGroup section */
		63494BC02601628200A9E58C = {
			isa = PBXGroup;
			children = (
				63494BCB2601628200A9E58C /* CovidTracker19 */,
				63494BCA2601628200A9E58C /* Products */,
			);
			sourceTree = "<group>";
		};
		63494BCA2601628200A9E58C /* Products */ = {
			isa = PBXGroup;
			children = (
				63494BC92601628200A9E58C /* CovidTracker19.app */,
			);
			name = Products;
			sourceTree = "<group>";
		};
		63494BCB2601628200A9E58C /* CovidTracker19 */ = {
			isa = PBXGroup;
			children = (
				63494BCC2601628200A9E58C /* CovidTracker19App.swift */,
				63494BE42601635600A9E58C /* ContentView.swift */,
				63494BCE2601628200A9E58C /* Home.swift */,
				63494BDC260162E200A9E58C /* Global.swift */,
				63494BE02601631A00A9E58C /* SafeteyPage.swift */,
				63494BD02601628300A9E58C /* Assets.xcassets */,
				63494BD52601628300A9E58C /* Info.plist */,
				63494BD22601628300A9E58C /* Preview Content */,
				63494BE82601661400A9E58C /* RedBackground.swift */,
				63494BEB260168AD00A9E58C /* GlobalUpdateCard.swift */,
				63494BEE2601713900A9E58C /* StateCard.swift */,
				63B8168B2602814A0007F675 /* Data.swift */,
				63B8168E260284A20007F675 /* TestingData.swift */,
			);
			path = CovidTracker19;
			sourceTree = "<group>";
		};
		63494BD22601628300A9E58C /* Preview Content */ = {
			isa = PBXGroup;
			children = (
				63494BD32601628300A9E58C /* Preview Assets.xcassets */,
			);
			path = "Preview Content";
			sourceTree = "<group>";
		};
/* End PBXGroup section */

/* Begin PBXNativeTarget section */
		63494BC82601628200A9E58C /* CovidTracker19 */ = {
			isa = PBXNativeTarget;
			buildConfigurationList = 63494BD82601628300A9E58C /* Build configuration list for PBXNativeTarget "CovidTracker19" */;
			buildPhases = (
				63494BC52601628200A9E58C /* Sources */,
				63494BC62601628200A9E58C /* Frameworks */,
				63494BC72601628200A9E58C /* Resources */,
			);
			buildRules = (
			);
			dependencies = (
			);
			name = CovidTracker19;
			productName = CovidTracker19;
			productReference = 63494BC92601628200A9E58C /* CovidTracker19.app */;
			productType = "com.apple.product-type.application";
		};
/* End PBXNativeTarget section */

/* Begin PBXProject section */
		63494BC12601628200A9E58C /* Project object */ = {
			isa = PBXProject;
			attributes = {
				LastSwiftUpdateCheck = 1240;
				LastUpgradeCheck = 1240;
				TargetAttributes = {
					63494BC82601628200A9E58C = {
						CreatedOnToolsVersion = 12.4;
					};
				};
			};
			buildConfigurationList = 63494BC42601628200A9E58C /* Build configuration list for PBXProject "CovidTracker19" */;
			compatibilityVersion = "Xcode 9.3";
			developmentRegion = en;
			hasScannedForEncodings = 0;
			knownRegions = (
				en,
				Base,
			);
			mainGroup = 63494BC02601628200A9E58C;
			productRefGroup = 63494BCA2601628200A9E58C /* Products */;
			projectDirPath = "";
			projectRoot = "";
			targets = (
				63494BC82601628200A9E58C /* CovidTracker19 */,
			);
		};
/* End PBXProject section */

/* Begin PBXResourcesBuildPhase section */
		63494BC72601628200A9E58C /* Resources */ = {
			isa = PBXResourcesBuildPhase;
			buildActionMask = 2147483647;
			files = (
				63494BD42601628300A9E58C /* Preview Assets.xcassets in Resources */,
				63494BD12601628300A9E58C /* Assets.xcassets in Resources */,
			);
			runOnlyForDeploymentPostprocessing = 0;
		};
/* End PBXResourcesBuildPhase section */

/* Begin PBXSourcesBuildPhase section */
		63494BC52601628200A9E58C /* Sources */ = {
			isa = PBXSourcesBuildPhase;
			buildActionMask = 2147483647;
			files = (
				63494BCF2601628200A9E58C /* Home.swift in Sources */,
				63494BE92601661400A9E58C /* RedBackground.swift in Sources */,
				63494BE52601635600A9E58C /* ContentView.swift in Sources */,
				63494BEC260168AD00A9E58C /* GlobalUpdateCard.swift in Sources */,
				63494BDD260162E200A9E58C /* Global.swift in Sources */,
				63494BEF2601713900A9E58C /* StateCard.swift in Sources */,
				63B8168F260284A20007F675 /* TestingData.swift in Sources */,
				63494BE12601631A00A9E58C /* SafeteyPage.swift in Sources */,
				63B8168C2602814A0007F675 /* Data.swift in Sources */,
				63494BCD2601628200A9E58C /* CovidTracker19App.swift in Sources */,
			);
			runOnlyForDeploymentPostprocessing = 0;
		};
/* End PBXSourcesBuildPhase section */

/* Begin XCBuildConfiguration section */
		63494BD62601628300A9E58C /* Debug */ = {
			isa = XCBuildConfiguration;
			buildSettings = {
				ALWAYS_SEARCH_USER_PATHS = NO;
				CLANG_ANALYZER_NONNULL = YES;
				CLANG_ANALYZER_NUMBER_OBJECT_CONVERSION = YES_AGGRESSIVE;
				CLANG_CXX_LANGUAGE_STANDARD = "gnu++14";
				CLANG_CXX_LIBRARY = "libc++";
				CLANG_ENABLE_MODULES = YES;
				CLANG_ENABLE_OBJC_ARC = YES;
				CLANG_ENABLE_OBJC_WEAK = YES;
				CLANG_WARN_BLOCK_CAPTURE_AUTORELEASING = YES;
				CLANG_WARN_BOOL_CONVERSION = YES;
				CLANG_WARN_COMMA = YES;
				CLANG_WARN_CONSTANT_CONVERSION = YES;
				CLANG_WARN_DEPRECATED_OBJC_IMPLEMENTATIONS = YES;
				CLANG_WARN_DIRECT_OBJC_ISA_USAGE = YES_ERROR;
				CLANG_WARN_DOCUMENTATION_COMMENTS = YES;
				CLANG_WARN_EMPTY_BODY = YES;
				CLANG_WARN_ENUM_CONVERSION = YES;
				CLANG_WARN_INFINITE_RECURSION = YES;
				CLANG_WARN_INT_CONVERSION = YES;
				CLANG_WARN_NON_LITERAL_NULL_CONVERSION = YES;
				CLANG_WARN_OBJC_IMPLICIT_RETAIN_SELF = YES;
				CLANG_WARN_OBJC_LITERAL_CONVERSION = YES;
				CLANG_WARN_OBJC_ROOT_CLASS = YES_ERROR;
				CLANG_WARN_QUOTED_INCLUDE_IN_FRAMEWORK_HEADER = YES;
				CLANG_WARN_RANGE_LOOP_ANALYSIS = YES;
				CLANG_WARN_STRICT_PROTOTYPES = YES;
				CLANG_WARN_SUSPICIOUS_MOVE = YES;
				CLANG_WARN_UNGUARDED_AVAILABILITY = YES_AGGRESSIVE;
				CLANG_WARN_UNREACHABLE_CODE = YES;
				CLANG_WARN__DUPLICATE_METHOD_MATCH = YES;
				COPY_PHASE_STRIP = NO;
				DEBUG_INFORMATION_FORMAT = dwarf;
				ENABLE_STRICT_OBJC_MSGSEND = YES;
				ENABLE_TESTABILITY = YES;
				GCC_C_LANGUAGE_STANDARD = gnu11;
				GCC_DYNAMIC_NO_PIC = NO;
				GCC_NO_COMMON_BLOCKS = YES;
				GCC_OPTIMIZATION_LEVEL = 0;
				GCC_PREPROCESSOR_DEFINITIONS = (
					"DEBUG=1",
					"$(inherited)",
				);
				GCC_WARN_64_TO_32_BIT_CONVERSION = YES;
				GCC_WARN_ABOUT_RETURN_TYPE = YES_ERROR;
				GCC_WARN_UNDECLARED_SELECTOR = YES;
				GCC_WARN_UNINITIALIZED_AUTOS = YES_AGGRESSIVE;
				GCC_WARN_UNUSED_FUNCTION = YES;
				GCC_WARN_UNUSED_VARIABLE = YES;
				IPHONEOS_DEPLOYMENT_TARGET = 14.4;
				MTL_ENABLE_DEBUG_INFO = INCLUDE_SOURCE;
				MTL_FAST_MATH = YES;
				ONLY_ACTIVE_ARCH = YES;
				SDKROOT = iphoneos;
				SWIFT_ACTIVE_COMPILATION_CONDITIONS = DEBUG;
				SWIFT_OPTIMIZATION_LEVEL = "-Onone";
			};
			name = Debug;
		};
		63494BD72601628300A9E58C /* Release */ = {
			isa = XCBuildConfiguration;
			buildSettings = {
				ALWAYS_SEARCH_USER_PATHS = NO;
				CLANG_ANALYZER_NONNULL = YES;
				CLANG_ANALYZER_NUMBER_OBJECT_CONVERSION = YES_AGGRESSIVE;
				CLANG_CXX_LANGUAGE_STANDARD = "gnu++14";
				CLANG_CXX_LIBRARY = "libc++";
				CLANG_ENABLE_MODULES = YES;
				CLANG_ENABLE_OBJC_ARC = YES;
				CLANG_ENABLE_OBJC_WEAK = YES;
				CLANG_WARN_BLOCK_CAPTURE_AUTORELEASING = YES;
				CLANG_WARN_BOOL_CONVERSION = YES;
				CLANG_WARN_COMMA = YES;
				CLANG_WARN_CONSTANT_CONVERSION = YES;
				CLANG_WARN_DEPRECATED_OBJC_IMPLEMENTATIONS = YES;
				CLANG_WARN_DIRECT_OBJC_ISA_USAGE = YES_ERROR;
				CLANG_WARN_DOCUMENTATION_COMMENTS = YES;
				CLANG_WARN_EMPTY_BODY = YES;
				CLANG_WARN_ENUM_CONVERSION = YES;
				CLANG_WARN_INFINITE_RECURSION = YES;
				CLANG_WARN_INT_CONVERSION = YES;
				CLANG_WARN_NON_LITERAL_NULL_CONVERSION = YES;
				CLANG_WARN_OBJC_IMPLICIT_RETAIN_SELF = YES;
				CLANG_WARN_OBJC_LITERAL_CONVERSION = YES;
				CLANG_WARN_OBJC_ROOT_CLASS = YES_ERROR;
				CLANG_WARN_QUOTED_INCLUDE_IN_FRAMEWORK_HEADER = YES;
				CLANG_WARN_RANGE_LOOP_ANALYSIS = YES;
				CLANG_WARN_STRICT_PROTOTYPES = YES;
				CLANG_WARN_SUSPICIOUS_MOVE = YES;
				CLANG_WARN_UNGUARDED_AVAILABILITY = YES_AGGRESSIVE;
				CLANG_WARN_UNREACHABLE_CODE = YES;
				CLANG_WARN__DUPLICATE_METHOD_MATCH = YES;
				COPY_PHASE_STRIP = NO;
				DEBUG_INFORMATION_FORMAT = "dwarf-with-dsym";
				ENABLE_NS_ASSERTIONS = NO;
				ENABLE_STRICT_OBJC_MSGSEND = YES;
				GCC_C_LANGUAGE_STANDARD = gnu11;
				GCC_NO_COMMON_BLOCKS = YES;
				GCC_WARN_64_TO_32_BIT_CONVERSION = YES;
				GCC_WARN_ABOUT_RETURN_TYPE = YES_ERROR;
				GCC_WARN_UNDECLARED_SELECTOR = YES;
				GCC_WARN_UNINITIALIZED_AUTOS = YES_AGGRESSIVE;
				GCC_WARN_UNUSED_FUNCTION = YES;
				GCC_WARN_UNUSED_VARIABLE = YES;
				IPHONEOS_DEPLOYMENT_TARGET = 14.4;
				MTL_ENABLE_DEBUG_INFO = NO;
				MTL_FAST_MATH = YES;
				SDKROOT = iphoneos;
				SWIFT_COMPILATION_MODE = wholemodule;
				SWIFT_OPTIMIZATION_LEVEL = "-O";
				VALIDATE_PRODUCT = YES;
			};
			name = Release;
		};
		63494BD92601628300A9E58C /* Debug */ = {
			isa = XCBuildConfiguration;
			buildSettings = {
				ASSETCATALOG_COMPILER_APPICON_NAME = AppIcon;
				ASSETCATALOG_COMPILER_GLOBAL_ACCENT_COLOR_NAME = AccentColor;
				CODE_SIGN_STYLE = Automatic;
				DEVELOPMENT_ASSET_PATHS = "\"CovidTracker19/Preview Content\"";
				ENABLE_PREVIEWS = YES;
				INFOPLIST_FILE = CovidTracker19/Info.plist;
				IPHONEOS_DEPLOYMENT_TARGET = 14.0;
				LD_RUNPATH_SEARCH_PATHS = (
					"$(inherited)",
					"@executable_path/Frameworks",
				);
				PRODUCT_BUNDLE_IDENTIFIER = "Make-School.CovidTracker19";
				PRODUCT_NAME = "$(TARGET_NAME)";
				SWIFT_VERSION = 5.0;
				TARGETED_DEVICE_FAMILY = "1,2";
			};
			name = Debug;
		};
		63494BDA2601628300A9E58C /* Release */ = {
			isa = XCBuildConfiguration;
			buildSettings = {
				ASSETCATALOG_COMPILER_APPICON_NAME = AppIcon;
				ASSETCATALOG_COMPILER_GLOBAL_ACCENT_COLOR_NAME = AccentColor;
				CODE_SIGN_STYLE = Automatic;
				DEVELOPMENT_ASSET_PATHS = "\"CovidTracker19/Preview Content\"";
				ENABLE_PREVIEWS = YES;
				INFOPLIST_FILE = CovidTracker19/Info.plist;
				IPHONEOS_DEPLOYMENT_TARGET = 14.0;
				LD_RUNPATH_SEARCH_PATHS = (
					"$(inherited)",
					"@executable_path/Frameworks",
				);
				PRODUCT_BUNDLE_IDENTIFIER = "Make-School.CovidTracker19";
				PRODUCT_NAME = "$(TARGET_NAME)";
				SWIFT_VERSION = 5.0;
				TARGETED_DEVICE_FAMILY = "1,2";
			};
			name = Release;
		};
/* End XCBuildConfiguration section */

/* Begin XCConfigurationList section */
		63494BC42601628200A9E58C /* Build configuration list for PBXProject "CovidTracker19" */ = {
			isa = XCConfigurationList;
			buildConfigurations = (
				63494BD62601628300A9E58C /* Debug */,
				63494BD72601628300A9E58C /* Release */,
			);
			defaultConfigurationIsVisible = 0;
			defaultConfigurationName = Release;
		};
		63494BD82601628300A9E58C /* Build configuration list for PBXNativeTarget "CovidTracker19" */ = {
			isa = XCConfigurationList;
			buildConfigurations = (
				63494BD92601628300A9E58C /* Debug */,
				63494BDA2601628300A9E58C /* Release */,
			);
			defaultConfigurationIsVisible = 0;
			defaultConfigurationName = Release;
		};
/* End XCConfigurationList section */
	};
	rootObject = 63494BC12601628200A9E58C /* Project object */;
}
